
Microsoft Visual Studio Solution File, Format Version 12.00
# Visual Studio Version 17
VisualStudioVersion = 17.12.35521.163 d17.12
MinimumVisualStudioVersion = 10.0.40219.1
Project("{FAE04EC0-301F-11D3-BF4B-00C04F79EFBC}") = "AOC_2015", "AOC_2015\AOC_2015.csproj", "{7C641319-BB0B-46D3-B6F4-97B19B1D9A0E}"
EndProject
Project("{FAE04EC0-301F-11D3-BF4B-00C04F79EFBC}") = "AOC_Shared", "AOC_Shared\AOC_Shared.csproj", "{45D81642-875E-4041-BB62-ADE6D64E2420}"
EndProject
Global
	GlobalSection(SolutionConfigurationPlatforms) = preSolution
		Debug|Any CPU = Debug|Any CPU
		Release|Any CPU = Release|Any CPU
	EndGlobalSection
	GlobalSection(ProjectConfigurationPlatforms) = postSolution
		{7C641319-BB0B-46D3-B6F4-97B19B1D9A0E}.Debug|Any CPU.ActiveCfg = Debug|Any CPU
		{7C641319-BB0B-46D3-B6F4-97B19B1D9A0E}.Debug|Any CPU.Build.0 = Debug|Any CPU
		{7C641319-BB0B-46D3-B6F4-97B19B1D9A0E}.Release|Any CPU.ActiveCfg = Release|Any CPU
		{7C641319-BB0B-46D3-B6F4-97B19B1D9A0E}.Release|Any CPU.Build.0 = Release|Any CPU
		{45D81642-875E-4041-BB62-ADE6D64E2420}.Debug|Any CPU.ActiveCfg = Debug|Any CPU
		{45D81642-875E-4041-BB62-ADE6D64E2420}.Debug|Any CPU.Build.0 = Debug|Any CPU
		{45D81642-875E-4041-BB62-ADE6D64E2420}.Release|Any CPU.ActiveCfg = Release|Any CPU
		{45D81642-875E-4041-BB62-ADE6D64E2420}.Release|Any CPU.Build.0 = Release|Any CPU
	EndGlobalSection
	GlobalSection(SolutionProperties) = preSolution
		HideSolutionNode = FALSE
	EndGlobalSection
EndGlobal
